
Microsoft Visual Studio Solution File, Format Version 12.00
# Visual Studio Version 16
VisualStudioVersion = 16.0.31205.134
MinimumVisualStudioVersion = 10.0.40219.1
Project("{8BC9CEB8-8B4A-11D0-8D11-00A0C91BC942}") = "Ex01.01", "Ex01.01\Ex01.01.vcxproj", "{5645F03B-2C62-4BD7-A49B-D073A04D1824}"
EndProject
Project("{8BC9CEB8-8B4A-11D0-8D11-00A0C91BC942}") = "Ex01.02", "Ex01.02\Ex01.02.vcxproj", "{41AC28F3-D233-40CE-B22A-53A74BBB9142}"
EndProject
Project("{8BC9CEB8-8B4A-11D0-8D11-00A0C91BC942}") = "Ex01.04", "Ex01.04\Ex01.04.vcxproj", "{442FB0B0-7D9F-4D40-AF63-7E10C9206141}"
EndProject
Project("{8BC9CEB8-8B4A-11D0-8D11-00A0C91BC942}") = "Ex01.05", "Ex01.05\Ex01.05.vcxproj", "{23227444-5750-4D15-A74E-71CD310497B4}"
EndProject
Project("{8BC9CEB8-8B4A-11D0-8D11-00A0C91BC942}") = "Ex01.06", "Ex01.06\Ex01.06.vcxproj", "{85CD16AC-4C67-4BEC-AFE8-2829FB994097}"
EndProject
Project("{8BC9CEB8-8B4A-11D0-8D11-00A0C91BC942}") = "Ex01.07", "Ex01.07\Ex01.07.vcxproj", "{84454BDE-C276-4125-9648-973FCD7EB997}"
EndProject
Project("{8BC9CEB8-8B4A-11D0-8D11-00A0C91BC942}") = "Ex01.08", "Ex01.08\Ex01.08.vcxproj", "{9BD8446A-C788-4C63-A6A6-1AAF19B2B2C9}"
EndProject
Project("{8BC9CEB8-8B4A-11D0-8D11-00A0C91BC942}") = "Ex01.03", "Ex01.03\Ex01.03.vcxproj", "{E2D477A9-A4A1-469A-B361-2487335B151A}"
EndProject
Global
	GlobalSection(SolutionConfigurationPlatforms) = preSolution
		Debug|x64 = Debug|x64
		Debug|x86 = Debug|x86
		Release|x64 = Release|x64
		Release|x86 = Release|x86
	EndGlobalSection
	GlobalSection(ProjectConfigurationPlatforms) = postSolution
		{5645F03B-2C62-4BD7-A49B-D073A04D1824}.Debug|x64.ActiveCfg = Debug|x64
		{5645F03B-2C62-4BD7-A49B-D073A04D1824}.Debug|x64.Build.0 = Debug|x64
		{5645F03B-2C62-4BD7-A49B-D073A04D1824}.Debug|x86.ActiveCfg = Debug|Win32
		{5645F03B-2C62-4BD7-A49B-D073A04D1824}.Debug|x86.Build.0 = Debug|Win32
		{5645F03B-2C62-4BD7-A49B-D073A04D1824}.Release|x64.ActiveCfg = Release|x64
		{5645F03B-2C62-4BD7-A49B-D073A04D1824}.Release|x64.Build.0 = Release|x64
		{5645F03B-2C62-4BD7-A49B-D073A04D1824}.Release|x86.ActiveCfg = Release|Win32
		{5645F03B-2C62-4BD7-A49B-D073A04D1824}.Release|x86.Build.0 = Release|Win32
		{41AC28F3-D233-40CE-B22A-53A74BBB9142}.Debug|x64.ActiveCfg = Debug|x64
		{41AC28F3-D233-40CE-B22A-53A74BBB9142}.Debug|x64.Build.0 = Debug|x64
		{41AC28F3-D233-40CE-B22A-53A74BBB9142}.Debug|x86.ActiveCfg = Debug|Win32
		{41AC28F3-D233-40CE-B22A-53A74BBB9142}.Debug|x86.Build.0 = Debug|Win32
		{41AC28F3-D233-40CE-B22A-53A74BBB9142}.Release|x64.ActiveCfg = Release|x64
		{41AC28F3-D233-40CE-B22A-53A74BBB9142}.Release|x64.Build.0 = Release|x64
		{41AC28F3-D233-40CE-B22A-53A74BBB9142}.Release|x86.ActiveCfg = Release|Win32
		{41AC28F3-D233-40CE-B22A-53A74BBB9142}.Release|x86.Build.0 = Release|Win32
		{442FB0B0-7D9F-4D40-AF63-7E10C9206141}.Debug|x64.ActiveCfg = Debug|x64
		{442FB0B0-7D9F-4D40-AF63-7E10C9206141}.Debug|x64.Build.0 = Debug|x64
		{442FB0B0-7D9F-4D40-AF63-7E10C9206141}.Debug|x86.ActiveCfg = Debug|Win32
		{442FB0B0-7D9F-4D40-AF63-7E10C9206141}.Debug|x86.Build.0 = Debug|Win32
		{442FB0B0-7D9F-4D40-AF63-7E10C9206141}.Release|x64.ActiveCfg = Release|x64
		{442FB0B0-7D9F-4D40-AF63-7E10C9206141}.Release|x64.Build.0 = Release|x64
		{442FB0B0-7D9F-4D40-AF63-7E10C9206141}.Release|x86.ActiveCfg = Release|Win32
		{442FB0B0-7D9F-4D40-AF63-7E10C9206141}.Release|x86.Build.0 = Release|Win32
		{23227444-5750-4D15-A74E-71CD310497B4}.Debug|x64.ActiveCfg = Debug|x64
		{23227444-5750-4D15-A74E-71CD310497B4}.Debug|x64.Build.0 = Debug|x64
		{23227444-5750-4D15-A74E-71CD310497B4}.Debug|x86.ActiveCfg = Debug|Win32
		{23227444-5750-4D15-A74E-71CD310497B4}.Debug|x86.Build.0 = Debug|Win32
		{23227444-5750-4D15-A74E-71CD310497B4}.Release|x64.ActiveCfg = Release|x64
		{23227444-5750-4D15-A74E-71CD310497B4}.Release|x64.Build.0 = Release|x64
		{23227444-5750-4D15-A74E-71CD310497B4}.Release|x86.ActiveCfg = Release|Win32
		{23227444-5750-4D15-A74E-71CD310497B4}.Release|x86.Build.0 = Release|Win32
		{85CD16AC-4C67-4BEC-AFE8-2829FB994097}.Debug|x64.ActiveCfg = Debug|x64
		{85CD16AC-4C67-4BEC-AFE8-2829FB994097}.Debug|x64.Build.0 = Debug|x64
		{85CD16AC-4C67-4BEC-AFE8-2829FB994097}.Debug|x86.ActiveCfg = Debug|Win32
		{85CD16AC-4C67-4BEC-AFE8-2829FB994097}.Debug|x86.Build.0 = Debug|Win32
		{85CD16AC-4C67-4BEC-AFE8-2829FB994097}.Release|x64.ActiveCfg = Release|x64
		{85CD16AC-4C67-4BEC-AFE8-2829FB994097}.Release|x64.Build.0 = Release|x64
		{85CD16AC-4C67-4BEC-AFE8-2829FB994097}.Release|x86.ActiveCfg = Release|Win32
		{85CD16AC-4C67-4BEC-AFE8-2829FB994097}.Release|x86.Build.0 = Release|Win32
		{84454BDE-C276-4125-9648-973FCD7EB997}.Debug|x64.ActiveCfg = Debug|x64
		{84454BDE-C276-4125-9648-973FCD7EB997}.Debug|x64.Build.0 = Debug|x64
		{84454BDE-C276-4125-9648-973FCD7EB997}.Debug|x86.ActiveCfg = Debug|Win32
		{84454BDE-C276-4125-9648-973FCD7EB997}.Debug|x86.Build.0 = Debug|Win32
		{84454BDE-C276-4125-9648-973FCD7EB997}.Release|x64.ActiveCfg = Release|x64
		{84454BDE-C276-4125-9648-973FCD7EB997}.Release|x64.Build.0 = Release|x64
		{84454BDE-C276-4125-9648-973FCD7EB997}.Release|x86.ActiveCfg = Release|Win32
		{84454BDE-C276-4125-9648-973FCD7EB997}.Release|x86.Build.0 = Release|Win32
		{9BD8446A-C788-4C63-A6A6-1AAF19B2B2C9}.Debug|x64.ActiveCfg = Debug|x64
		{9BD8446A-C788-4C63-A6A6-1AAF19B2B2C9}.Debug|x64.Build.0 = Debug|x64
		{9BD8446A-C788-4C63-A6A6-1AAF19B2B2C9}.Debug|x86.ActiveCfg = Debug|Win32
		{9BD8446A-C788-4C63-A6A6-1AAF19B2B2C9}.Debug|x86.Build.0 = Debug|Win32
		{9BD8446A-C788-4C63-A6A6-1AAF19B2B2C9}.Release|x64.ActiveCfg = Release|x64
		{9BD8446A-C788-4C63-A6A6-1AAF19B2B2C9}.Release|x64.Build.0 = Release|x64
		{9BD8446A-C788-4C63-A6A6-1AAF19B2B2C9}.Release|x86.ActiveCfg = Release|Win32
		{9BD8446A-C788-4C63-A6A6-1AAF19B2B2C9}.Release|x86.Build.0 = Release|Win32
		{E2D477A9-A4A1-469A-B361-2487335B151A}.Debug|x64.ActiveCfg = Debug|x64
		{E2D477A9-A4A1-469A-B361-2487335B151A}.Debug|x64.Build.0 = Debug|x64
		{E2D477A9-A4A1-469A-B361-2487335B151A}.Debug|x86.ActiveCfg = Debug|Win32
		{E2D477A9-A4A1-469A-B361-2487335B151A}.Debug|x86.Build.0 = Debug|Win32
		{E2D477A9-A4A1-469A-B361-2487335B151A}.Release|x64.ActiveCfg = Release|x64
		{E2D477A9-A4A1-469A-B361-2487335B151A}.Release|x64.Build.0 = Release|x64
		{E2D477A9-A4A1-469A-B361-2487335B151A}.Release|x86.ActiveCfg = Release|Win32
		{E2D477A9-A4A1-469A-B361-2487335B151A}.Release|x86.Build.0 = Release|Win32
	EndGlobalSection
	GlobalSection(SolutionProperties) = preSolution
		HideSolutionNode = FALSE
	EndGlobalSection
	GlobalSection(ExtensibilityGlobals) = postSolution
		SolutionGuid = {EC841FB8-3E5A-4888-BB9D-AB698BBFE1F6}
	EndGlobalSection
EndGlobal
